# This file is autogenerated, do not edit; changes may be undone by the next 'dep ensure'.


[[projects]]
  digest = "1:a4ea551052de4aac20ade39ff522a1d4ef34ff475e72e42b030935a12747de3c"
  name = "github.com/heroku/x"
  packages = [
    "hmetrics",
    "hmetrics/onload",
  ]
  pruneopts = "UT"
  revision = "9263b0a2f006d3d376df1bbd1f91bae2919d32af"
  version = "v0.0.9"

[solve-meta]
  analyzer-name = "dep"
  analyzer-version = 1
  input-imports = ["github.com/heroku/x/hmetrics/onload"]
  solver-name = "gps-cdcl"
  solver-version = 1
